// !$*UTF8*$!
{
	archiveVersion = 1;
	classes = {
	};
	objectVersion = 46;
	objects = {

/* Begin PBXBuildFile section */
		C65C63F31DCC7A950015E2C8 /* main.m in Sources */ = {isa = PBXBuildFile; fileRef = C65C63F21DCC7A950015E2C8 /* main.m */; };
		C65C63F61DCC7A950015E2C8 /* AppDelegate.m in Sources */ = {isa = PBXBuildFile; fileRef = C65C63F51DCC7A950015E2C8 /* AppDelegate.m */; };
		C65C63F91DCC7A950015E2C8 /* ViewController.m in Sources */ = {isa = PBXBuildFile; fileRef = C65C63F81DCC7A950015E2C8 /* ViewController.m */; };
		C65C63FC1DCC7A950015E2C8 /* Main.storyboard in Resources */ = {isa = PBXBuildFile; fileRef = C65C63FA1DCC7A950015E2C8 /* Main.storyboard */; };
		C65C63FE1DCC7A950015E2C8 /* Assets.xcassets in Resources */ = {isa = PBXBuildFile; fileRef = C65C63FD1DCC7A950015E2C8 /* Assets.xcassets */; };
		C65C64011DCC7A950015E2C8 /* LaunchScreen.storyboard in Resources */ = {isa = PBXBuildFile; fileRef = C65C63FF1DCC7A950015E2C8 /* LaunchScreen.storyboard */; };
		C65C640C1DCC7A950015E2C8 /* _____Tests.m in Sources */ = {isa = PBXBuildFile; fileRef = C65C640B1DCC7A950015E2C8 /* _____Tests.m */; };
		C65C64171DCC7A950015E2C8 /* _____UITests.m in Sources */ = {isa = PBXBuildFile; fileRef = C65C64161DCC7A950015E2C8 /* _____UITests.m */; };
		C65C64261DCC7DD60015E2C8 /* QuestionCountView.m in Sources */ = {isa = PBXBuildFile; fileRef = C65C64251DCC7DD60015E2C8 /* QuestionCountView.m */; };
		C65C644C1DCC7FE30015E2C8 /* LICENSE in Resources */ = {isa = PBXBuildFile; fileRef = C65C64321DCC7FE30015E2C8 /* LICENSE */; };
		C65C644D1DCC7FE30015E2C8 /* MASCompositeConstraint.m in Sources */ = {isa = PBXBuildFile; fileRef = C65C64351DCC7FE30015E2C8 /* MASCompositeConstraint.m */; };
		C65C644E1DCC7FE30015E2C8 /* MASConstraint.m in Sources */ = {isa = PBXBuildFile; fileRef = C65C64381DCC7FE30015E2C8 /* MASConstraint.m */; };
		C65C644F1DCC7FE30015E2C8 /* MASConstraintMaker.m in Sources */ = {isa = PBXBuildFile; fileRef = C65C643A1DCC7FE30015E2C8 /* MASConstraintMaker.m */; };
		C65C64501DCC7FE30015E2C8 /* MASLayoutConstraint.m in Sources */ = {isa = PBXBuildFile; fileRef = C65C643C1DCC7FE30015E2C8 /* MASLayoutConstraint.m */; };
		C65C64511DCC7FE30015E2C8 /* MASViewAttribute.m in Sources */ = {isa = PBXBuildFile; fileRef = C65C64401DCC7FE30015E2C8 /* MASViewAttribute.m */; };
		C65C64521DCC7FE30015E2C8 /* MASViewConstraint.m in Sources */ = {isa = PBXBuildFile; fileRef = C65C64421DCC7FE30015E2C8 /* MASViewConstraint.m */; };
		C65C64531DCC7FE30015E2C8 /* NSArray+MASAdditions.m in Sources */ = {isa = PBXBuildFile; fileRef = C65C64441DCC7FE30015E2C8 /* NSArray+MASAdditions.m */; };
		C65C64541DCC7FE30015E2C8 /* NSLayoutConstraint+MASDebugAdditions.m in Sources */ = {isa = PBXBuildFile; fileRef = C65C64471DCC7FE30015E2C8 /* NSLayoutConstraint+MASDebugAdditions.m */; };
		C65C64551DCC7FE30015E2C8 /* View+MASAdditions.m in Sources */ = {isa = PBXBuildFile; fileRef = C65C64491DCC7FE30015E2C8 /* View+MASAdditions.m */; };
		C690C24C1DD01ADC0069DB84 /* button_normal.png in Resources */ = {isa = PBXBuildFile; fileRef = C690C24A1DD01ADC0069DB84 /* button_normal.png */; };
		C690C24D1DD01ADC0069DB84 /* button_selected.png in Resources */ = {isa = PBXBuildFile; fileRef = C690C24B1DD01ADC0069DB84 /* button_selected.png */; };
		C690C2541DD022C70069DB84 /* sub.png in Resources */ = {isa = PBXBuildFile; fileRef = C690C2521DD022C70069DB84 /* sub.png */; };
		C690C2551DD022C70069DB84 /* sum.png in Resources */ = {isa = PBXBuildFile; fileRef = C690C2531DD022C70069DB84 /* sum.png */; };
		C690C2581DD068E50069DB84 /* NSObject+Log.m in Sources */ = {isa = PBXBuildFile; fileRef = C690C2571DD068E50069DB84 /* NSObject+Log.m */; };
/* End PBXBuildFile section */

/* Begin PBXContainerItemProxy section */
		C65C64081DCC7A950015E2C8 /* PBXContainerItemProxy */ = {
			isa = PBXContainerItemProxy;
			containerPortal = C65C63E61DCC7A950015E2C8 /* Project object */;
			proxyType = 1;
			remoteGlobalIDString = C65C63ED1DCC7A950015E2C8;
			remoteInfo = "设置答题卡";
		};
		C65C64131DCC7A950015E2C8 /* PBXContainerItemProxy */ = {
			isa = PBXContainerItemProxy;
			containerPortal = C65C63E61DCC7A950015E2C8 /* Project object */;
			proxyType = 1;
			remoteGlobalIDString = C65C63ED1DCC7A950015E2C8;
			remoteInfo = "设置答题卡";
		};
/* End PBXContainerItemProxy section */

/* Begin PBXFileReference section */
		C65C63EE1DCC7A950015E2C8 /* 设置答题卡.app */ = {isa = PBXFileReference; explicitFileType = wrapper.application; includeInIndex = 0; path = "设置答题卡.app"; sourceTree = BUILT_PRODUCTS_DIR; };
		C65C63F21DCC7A950015E2C8 /* main.m */ = {isa = PBXFileReference; lastKnownFileType = sourcecode.c.objc; path = main.m; sourceTree = "<group>"; };
		C65C63F41DCC7A950015E2C8 /* AppDelegate.h */ = {isa = PBXFileReference; lastKnownFileType = sourcecode.c.h; path = AppDelegate.h; sourceTree = "<group>"; };
		C65C63F51DCC7A950015E2C8 /* AppDelegate.m */ = {isa = PBXFileReference; lastKnownFileType = sourcecode.c.objc; path = AppDelegate.m; sourceTree = "<group>"; };
		C65C63F71DCC7A950015E2C8 /* ViewController.h */ = {isa = PBXFileReference; lastKnownFileType = sourcecode.c.h; path = ViewController.h; sourceTree = "<group>"; };
		C65C63F81DCC7A950015E2C8 /* ViewController.m */ = {isa = PBXFileReference; lastKnownFileType = sourcecode.c.objc; path = ViewController.m; sourceTree = "<group>"; };
		C65C63FB1DCC7A950015E2C8 /* Base */ = {isa = PBXFileReference; lastKnownFileType = file.storyboard; name = Base; path = Base.lproj/Main.storyboard; sourceTree = "<group>"; };
		C65C63FD1DCC7A950015E2C8 /* Assets.xcassets */ = {isa = PBXFileReference; lastKnownFileType = folder.assetcatalog; path = Assets.xcassets; sourceTree = "<group>"; };
		C65C64001DCC7A950015E2C8 /* Base */ = {isa = PBXFileReference; lastKnownFileType = file.storyboard; name = Base; path = Base.lproj/LaunchScreen.storyboard; sourceTree = "<group>"; };
		C65C64021DCC7A950015E2C8 /* Info.plist */ = {isa = PBXFileReference; lastKnownFileType = text.plist.xml; path = Info.plist; sourceTree = "<group>"; };
		C65C64071DCC7A950015E2C8 /* 设置答题卡Tests.xctest */ = {isa = PBXFileReference; explicitFileType = wrapper.cfbundle; includeInIndex = 0; path = "设置答题卡Tests.xctest"; sourceTree = BUILT_PRODUCTS_DIR; };
		C65C640B1DCC7A950015E2C8 /* _____Tests.m */ = {isa = PBXFileReference; lastKnownFileType = sourcecode.c.objc; path = "_____Tests.m"; sourceTree = "<group>"; };
		C65C640D1DCC7A950015E2C8 /* Info.plist */ = {isa = PBXFileReference; lastKnownFileType = text.plist.xml; path = Info.plist; sourceTree = "<group>"; };
		C65C64121DCC7A950015E2C8 /* 设置答题卡UITests.xctest */ = {isa = PBXFileReference; explicitFileType = wrapper.cfbundle; includeInIndex = 0; path = "设置答题卡UITests.xctest"; sourceTree = BUILT_PRODUCTS_DIR; };
		C65C64161DCC7A950015E2C8 /* _____UITests.m */ = {isa = PBXFileReference; lastKnownFileType = sourcecode.c.objc; path = "_____UITests.m"; sourceTree = "<group>"; };
		C65C64181DCC7A950015E2C8 /* Info.plist */ = {isa = PBXFileReference; lastKnownFileType = text.plist.xml; path = Info.plist; sourceTree = "<group>"; };
		C65C64241DCC7DD60015E2C8 /* QuestionCountView.h */ = {isa = PBXFileReference; fileEncoding = 4; lastKnownFileType = sourcecode.c.h; path = QuestionCountView.h; sourceTree = "<group>"; };
		C65C64251DCC7DD60015E2C8 /* QuestionCountView.m */ = {isa = PBXFileReference; fileEncoding = 4; lastKnownFileType = sourcecode.c.objc; path = QuestionCountView.m; sourceTree = "<group>"; };
		C65C64321DCC7FE30015E2C8 /* LICENSE */ = {isa = PBXFileReference; fileEncoding = 4; lastKnownFileType = text; path = LICENSE; sourceTree = "<group>"; };
		C65C64341DCC7FE30015E2C8 /* MASCompositeConstraint.h */ = {isa = PBXFileReference; fileEncoding = 4; lastKnownFileType = sourcecode.c.h; path = MASCompositeConstraint.h; sourceTree = "<group>"; };
		C65C64351DCC7FE30015E2C8 /* MASCompositeConstraint.m */ = {isa = PBXFileReference; fileEncoding = 4; lastKnownFileType = sourcecode.c.objc; path = MASCompositeConstraint.m; sourceTree = "<group>"; };
		C65C64361DCC7FE30015E2C8 /* MASConstraint+Private.h */ = {isa = PBXFileReference; fileEncoding = 4; lastKnownFileType = sourcecode.c.h; path = "MASConstraint+Private.h"; sourceTree = "<group>"; };
		C65C64371DCC7FE30015E2C8 /* MASConstraint.h */ = {isa = PBXFileReference; fileEncoding = 4; lastKnownFileType = sourcecode.c.h; path = MASConstraint.h; sourceTree = "<group>"; };
		C65C64381DCC7FE30015E2C8 /* MASConstraint.m */ = {isa = PBXFileReference; fileEncoding = 4; lastKnownFileType = sourcecode.c.objc; path = MASConstraint.m; sourceTree = "<group>"; };
		C65C64391DCC7FE30015E2C8 /* MASConstraintMaker.h */ = {isa = PBXFileReference; fileEncoding = 4; lastKnownFileType = sourcecode.c.h; path = MASConstraintMaker.h; sourceTree = "<group>"; };
		C65C643A1DCC7FE30015E2C8 /* MASConstraintMaker.m */ = {isa = PBXFileReference; fileEncoding = 4; lastKnownFileType = sourcecode.c.objc; path = MASConstraintMaker.m; sourceTree = "<group>"; };
		C65C643B1DCC7FE30015E2C8 /* MASLayoutConstraint.h */ = {isa = PBXFileReference; fileEncoding = 4; lastKnownFileType = sourcecode.c.h; path = MASLayoutConstraint.h; sourceTree = "<group>"; };
		C65C643C1DCC7FE30015E2C8 /* MASLayoutConstraint.m */ = {isa = PBXFileReference; fileEncoding = 4; lastKnownFileType = sourcecode.c.objc; path = MASLayoutConstraint.m; sourceTree = "<group>"; };
		C65C643D1DCC7FE30015E2C8 /* Masonry.h */ = {isa = PBXFileReference; fileEncoding = 4; lastKnownFileType = sourcecode.c.h; path = Masonry.h; sourceTree = "<group>"; };
		C65C643E1DCC7FE30015E2C8 /* MASUtilities.h */ = {isa = PBXFileReference; fileEncoding = 4; lastKnownFileType = sourcecode.c.h; path = MASUtilities.h; sourceTree = "<group>"; };
		C65C643F1DCC7FE30015E2C8 /* MASViewAttribute.h */ = {isa = PBXFileReference; fileEncoding = 4; lastKnownFileType = sourcecode.c.h; path = MASViewAttribute.h; sourceTree = "<group>"; };
		C65C64401DCC7FE30015E2C8 /* MASViewAttribute.m */ = {isa = PBXFileReference; fileEncoding = 4; lastKnownFileType = sourcecode.c.objc; path = MASViewAttribute.m; sourceTree = "<group>"; };
		C65C64411DCC7FE30015E2C8 /* MASViewConstraint.h */ = {isa = PBXFileReference; fileEncoding = 4; lastKnownFileType = sourcecode.c.h; path = MASViewConstraint.h; sourceTree = "<group>"; };
		C65C64421DCC7FE30015E2C8 /* MASViewConstraint.m */ = {isa = PBXFileReference; fileEncoding = 4; lastKnownFileType = sourcecode.c.objc; path = MASViewConstraint.m; sourceTree = "<group>"; };
		C65C64431DCC7FE30015E2C8 /* NSArray+MASAdditions.h */ = {isa = PBXFileReference; fileEncoding = 4; lastKnownFileType = sourcecode.c.h; path = "NSArray+MASAdditions.h"; sourceTree = "<group>"; };
		C65C64441DCC7FE30015E2C8 /* NSArray+MASAdditions.m */ = {isa = PBXFileReference; fileEncoding = 4; lastKnownFileType = sourcecode.c.objc; path = "NSArray+MASAdditions.m"; sourceTree = "<group>"; };
		C65C64451DCC7FE30015E2C8 /* NSArray+MASShorthandAdditions.h */ = {isa = PBXFileReference; fileEncoding = 4; lastKnownFileType = sourcecode.c.h; path = "NSArray+MASShorthandAdditions.h"; sourceTree = "<group>"; };
		C65C64461DCC7FE30015E2C8 /* NSLayoutConstraint+MASDebugAdditions.h */ = {isa = PBXFileReference; fileEncoding = 4; lastKnownFileType = sourcecode.c.h; path = "NSLayoutConstraint+MASDebugAdditions.h"; sourceTree = "<group>"; };
		C65C64471DCC7FE30015E2C8 /* NSLayoutConstraint+MASDebugAdditions.m */ = {isa = PBXFileReference; fileEncoding = 4; lastKnownFileType = sourcecode.c.objc; path = "NSLayoutConstraint+MASDebugAdditions.m"; sourceTree = "<group>"; };
		C65C64481DCC7FE30015E2C8 /* View+MASAdditions.h */ = {isa = PBXFileReference; fileEncoding = 4; lastKnownFileType = sourcecode.c.h; path = "View+MASAdditions.h"; sourceTree = "<group>"; };
		C65C64491DCC7FE30015E2C8 /* View+MASAdditions.m */ = {isa = PBXFileReference; fileEncoding = 4; lastKnownFileType = sourcecode.c.objc; path = "View+MASAdditions.m"; sourceTree = "<group>"; };
		C65C644A1DCC7FE30015E2C8 /* View+MASShorthandAdditions.h */ = {isa = PBXFileReference; fileEncoding = 4; lastKnownFileType = sourcecode.c.h; path = "View+MASShorthandAdditions.h"; sourceTree = "<group>"; };
		C690C24A1DD01ADC0069DB84 /* button_normal.png */ = {isa = PBXFileReference; lastKnownFileType = image.png; path = button_normal.png; sourceTree = "<group>"; };
		C690C24B1DD01ADC0069DB84 /* button_selected.png */ = {isa = PBXFileReference; lastKnownFileType = image.png; path = button_selected.png; sourceTree = "<group>"; };
		C690C2521DD022C70069DB84 /* sub.png */ = {isa = PBXFileReference; lastKnownFileType = image.png; path = sub.png; sourceTree = "<group>"; };
		C690C2531DD022C70069DB84 /* sum.png */ = {isa = PBXFileReference; lastKnownFileType = image.png; path = sum.png; sourceTree = "<group>"; };
		C690C2571DD068E50069DB84 /* NSObject+Log.m */ = {isa = PBXFileReference; fileEncoding = 4; lastKnownFileType = sourcecode.c.objc; name = "NSObject+Log.m"; path = "../NSObject+Log.m"; sourceTree = "<group>"; };
/* End PBXFileReference section */

/* Begin PBXFrameworksBuildPhase section */
		C65C63EB1DCC7A950015E2C8 /* Frameworks */ = {
			isa = PBXFrameworksBuildPhase;
			buildActionMask = 2147483647;
			files = (
			);
			runOnlyForDeploymentPostprocessing = 0;
		};
		C65C64041DCC7A950015E2C8 /* Frameworks */ = {
			isa = PBXFrameworksBuildPhase;
			buildActionMask = 2147483647;
			files = (
			);
			runOnlyForDeploymentPostprocessing = 0;
		};
		C65C640F1DCC7A950015E2C8 /* Frameworks */ = {
			isa = PBXFrameworksBuildPhase;
			buildActionMask = 2147483647;
			files = (
			);
			runOnlyForDeploymentPostprocessing = 0;
		};
/* End PBXFrameworksBuildPhase section */

/* Begin PBXGroup section */
		C65C63E51DCC7A950015E2C8 = {
			isa = PBXGroup;
			children = (
				C65C63F01DCC7A950015E2C8 /* 设置答题卡 */,
				C65C640A1DCC7A950015E2C8 /* 设置答题卡Tests */,
				C65C64151DCC7A950015E2C8 /* 设置答题卡UITests */,
				C65C63EF1DCC7A950015E2C8 /* Products */,
			);
			sourceTree = "<group>";
		};
		C65C63EF1DCC7A950015E2C8 /* Products */ = {
			isa = PBXGroup;
			children = (
				C65C63EE1DCC7A950015E2C8 /* 设置答题卡.app */,
				C65C64071DCC7A950015E2C8 /* 设置答题卡Tests.xctest */,
				C65C64121DCC7A950015E2C8 /* 设置答题卡UITests.xctest */,
			);
			name = Products;
			sourceTree = "<group>";
		};
		C65C63F01DCC7A950015E2C8 /* 设置答题卡 */ = {
			isa = PBXGroup;
			children = (
				C690C2451DD01A810069DB84 /* images */,
				C65C64311DCC7FE30015E2C8 /* Masonry */,
				C65C63F41DCC7A950015E2C8 /* AppDelegate.h */,
				C65C63F51DCC7A950015E2C8 /* AppDelegate.m */,
				C65C63F71DCC7A950015E2C8 /* ViewController.h */,
				C65C63F81DCC7A950015E2C8 /* ViewController.m */,
				C65C64241DCC7DD60015E2C8 /* QuestionCountView.h */,
				C65C64251DCC7DD60015E2C8 /* QuestionCountView.m */,
				C65C63FA1DCC7A950015E2C8 /* Main.storyboard */,
				C65C63FD1DCC7A950015E2C8 /* Assets.xcassets */,
				C65C63FF1DCC7A950015E2C8 /* LaunchScreen.storyboard */,
				C65C64021DCC7A950015E2C8 /* Info.plist */,
				C65C63F11DCC7A950015E2C8 /* Supporting Files */,
			);
			path = "设置答题卡";
			sourceTree = "<group>";
		};
		C65C63F11DCC7A950015E2C8 /* Supporting Files */ = {
			isa = PBXGroup;
			children = (
				C690C2571DD068E50069DB84 /* NSObject+Log.m */,
				C65C63F21DCC7A950015E2C8 /* main.m */,
			);
			name = "Supporting Files";
			sourceTree = "<group>";
		};
		C65C640A1DCC7A950015E2C8 /* 设置答题卡Tests */ = {
			isa = PBXGroup;
			children = (
				C65C640B1DCC7A950015E2C8 /* _____Tests.m */,
				C65C640D1DCC7A950015E2C8 /* Info.plist */,
			);
			path = "设置答题卡Tests";
			sourceTree = "<group>";
		};
		C65C64151DCC7A950015E2C8 /* 设置答题卡UITests */ = {
			isa = PBXGroup;
			children = (
				C65C64161DCC7A950015E2C8 /* _____UITests.m */,
				C65C64181DCC7A950015E2C8 /* Info.plist */,
			);
			path = "设置答题卡UITests";
			sourceTree = "<group>";
		};
		C65C64311DCC7FE30015E2C8 /* Masonry */ = {
			isa = PBXGroup;
			children = (
				C65C64321DCC7FE30015E2C8 /* LICENSE */,
				C65C64331DCC7FE30015E2C8 /* Masonry */,
			);
			path = Masonry;
			sourceTree = "<group>";
		};
		C65C64331DCC7FE30015E2C8 /* Masonry */ = {
			isa = PBXGroup;
			children = (
				C65C64341DCC7FE30015E2C8 /* MASCompositeConstraint.h */,
				C65C64351DCC7FE30015E2C8 /* MASCompositeConstraint.m */,
				C65C64361DCC7FE30015E2C8 /* MASConstraint+Private.h */,
				C65C64371DCC7FE30015E2C8 /* MASConstraint.h */,
				C65C64381DCC7FE30015E2C8 /* MASConstraint.m */,
				C65C64391DCC7FE30015E2C8 /* MASConstraintMaker.h */,
				C65C643A1DCC7FE30015E2C8 /* MASConstraintMaker.m */,
				C65C643B1DCC7FE30015E2C8 /* MASLayoutConstraint.h */,
				C65C643C1DCC7FE30015E2C8 /* MASLayoutConstraint.m */,
				C65C643D1DCC7FE30015E2C8 /* Masonry.h */,
				C65C643E1DCC7FE30015E2C8 /* MASUtilities.h */,
				C65C643F1DCC7FE30015E2C8 /* MASViewAttribute.h */,
				C65C64401DCC7FE30015E2C8 /* MASViewAttribute.m */,
				C65C64411DCC7FE30015E2C8 /* MASViewConstraint.h */,
				C65C64421DCC7FE30015E2C8 /* MASViewConstraint.m */,
				C65C64431DCC7FE30015E2C8 /* NSArray+MASAdditions.h */,
				C65C64441DCC7FE30015E2C8 /* NSArray+MASAdditions.m */,
				C65C64451DCC7FE30015E2C8 /* NSArray+MASShorthandAdditions.h */,
				C65C64461DCC7FE30015E2C8 /* NSLayoutConstraint+MASDebugAdditions.h */,
				C65C64471DCC7FE30015E2C8 /* NSLayoutConstraint+MASDebugAdditions.m */,
				C65C64481DCC7FE30015E2C8 /* View+MASAdditions.h */,
				C65C64491DCC7FE30015E2C8 /* View+MASAdditions.m */,
				C65C644A1DCC7FE30015E2C8 /* View+MASShorthandAdditions.h */,
			);
			path = Masonry;
			sourceTree = "<group>";
		};
		C690C2451DD01A810069DB84 /* images */ = {
			isa = PBXGroup;
			children = (
				C690C2521DD022C70069DB84 /* sub.png */,
				C690C2531DD022C70069DB84 /* sum.png */,
				C690C24A1DD01ADC0069DB84 /* button_normal.png */,
				C690C24B1DD01ADC0069DB84 /* button_selected.png */,
			);
			name = images;
			sourceTree = "<group>";
		};
/* End PBXGroup section */

/* Begin PBXNativeTarget section */
		C65C63ED1DCC7A950015E2C8 /* 设置答题卡 */ = {
			isa = PBXNativeTarget;
			buildConfigurationList = C65C641B1DCC7A950015E2C8 /* Build configuration list for PBXNativeTarget "设置答题卡" */;
			buildPhases = (
				C65C63EA1DCC7A950015E2C8 /* Sources */,
				C65C63EB1DCC7A950015E2C8 /* Frameworks */,
				C65C63EC1DCC7A950015E2C8 /* Resources */,
			);
			buildRules = (
			);
			dependencies = (
			);
			name = "设置答题卡";
			productName = "设置答题卡";
			productReference = C65C63EE1DCC7A950015E2C8 /* 设置答题卡.app */;
			productType = "com.apple.product-type.application";
		};
		C65C64061DCC7A950015E2C8 /* 设置答题卡Tests */ = {
			isa = PBXNativeTarget;
			buildConfigurationList = C65C641E1DCC7A950015E2C8 /* Build configuration list for PBXNativeTarget "设置答题卡Tests" */;
			buildPhases = (
				C65C64031DCC7A950015E2C8 /* Sources */,
				C65C64041DCC7A950015E2C8 /* Frameworks */,
				C65C64051DCC7A950015E2C8 /* Resources */,
			);
			buildRules = (
			);
			dependencies = (
				C65C64091DCC7A950015E2C8 /* PBXTargetDependency */,
			);
			name = "设置答题卡Tests";
			productName = "设置答题卡Tests";
			productReference = C65C64071DCC7A950015E2C8 /* 设置答题卡Tests.xctest */;
			productType = "com.apple.product-type.bundle.unit-test";
		};
		C65C64111DCC7A950015E2C8 /* 设置答题卡UITests */ = {
			isa = PBXNativeTarget;
			buildConfigurationList = C65C64211DCC7A950015E2C8 /* Build configuration list for PBXNativeTarget "设置答题卡UITests" */;
			buildPhases = (
				C65C640E1DCC7A950015E2C8 /* Sources */,
				C65C640F1DCC7A950015E2C8 /* Frameworks */,
				C65C64101DCC7A950015E2C8 /* Resources */,
			);
			buildRules = (
			);
			dependencies = (
				C65C64141DCC7A950015E2C8 /* PBXTargetDependency */,
			);
			name = "设置答题卡UITests";
			productName = "设置答题卡UITests";
			productReference = C65C64121DCC7A950015E2C8 /* 设置答题卡UITests.xctest */;
			productType = "com.apple.product-type.bundle.ui-testing";
		};
/* End PBXNativeTarget section */

/* Begin PBXProject section */
		C65C63E61DCC7A950015E2C8 /* Project object */ = {
			isa = PBXProject;
			attributes = {
				LastUpgradeCheck = 0730;
				ORGANIZATIONNAME = "Ceshi乐知行";
				TargetAttributes = {
					C65C63ED1DCC7A950015E2C8 = {
						CreatedOnToolsVersion = 7.3;
						DevelopmentTeam = VQWBM9YFP9;
					};
					C65C64061DCC7A950015E2C8 = {
						CreatedOnToolsVersion = 7.3;
						TestTargetID = C65C63ED1DCC7A950015E2C8;
					};
					C65C64111DCC7A950015E2C8 = {
						CreatedOnToolsVersion = 7.3;
						TestTargetID = C65C63ED1DCC7A950015E2C8;
					};
				};
			};
			buildConfigurationList = C65C63E91DCC7A950015E2C8 /* Build configuration list for PBXProject "设置答题卡" */;
			compatibilityVersion = "Xcode 3.2";
			developmentRegion = English;
			hasScannedForEncodings = 0;
			knownRegions = (
				en,
				Base,
			);
			mainGroup = C65C63E51DCC7A950015E2C8;
			productRefGroup = C65C63EF1DCC7A950015E2C8 /* Products */;
			projectDirPath = "";
			projectRoot = "";
			targets = (
				C65C63ED1DCC7A950015E2C8 /* 设置答题卡 */,
				C65C64061DCC7A950015E2C8 /* 设置答题卡Tests */,
				C65C64111DCC7A950015E2C8 /* 设置答题卡UITests */,
			);
		};
/* End PBXProject section */

/* Begin PBXResourcesBuildPhase section */
		C65C63EC1DCC7A950015E2C8 /* Resources */ = {
			isa = PBXResourcesBuildPhase;
			buildActionMask = 2147483647;
			files = (
				C690C24D1DD01ADC0069DB84 /* button_selected.png in Resources */,
				C65C64011DCC7A950015E2C8 /* LaunchScreen.storyboard in Resources */,
				C65C63FE1DCC7A950015E2C8 /* Assets.xcassets in Resources */,
				C690C24C1DD01ADC0069DB84 /* button_normal.png in Resources */,
				C65C644C1DCC7FE30015E2C8 /* LICENSE in Resources */,
				C65C63FC1DCC7A950015E2C8 /* Main.storyboard in Resources */,
				C690C2541DD022C70069DB84 /* sub.png in Resources */,
				C690C2551DD022C70069DB84 /* sum.png in Resources */,
			);
			runOnlyForDeploymentPostprocessing = 0;
		};
		C65C64051DCC7A950015E2C8 /* Resources */ = {
			isa = PBXResourcesBuildPhase;
			buildActionMask = 2147483647;
			files = (
			);
			runOnlyForDeploymentPostprocessing = 0;
		};
		C65C64101DCC7A950015E2C8 /* Resources */ = {
			isa = PBXResourcesBuildPhase;
			buildActionMask = 2147483647;
			files = (
			);
			runOnlyForDeploymentPostprocessing = 0;
		};
/* End PBXResourcesBuildPhase section */

/* Begin PBXSourcesBuildPhase section */
		C65C63EA1DCC7A950015E2C8 /* Sources */ = {
			isa = PBXSourcesBuildPhase;
			buildActionMask = 2147483647;
			files = (
				C65C644F1DCC7FE30015E2C8 /* MASConstraintMaker.m in Sources */,
				C65C63F91DCC7A950015E2C8 /* ViewController.m in Sources */,
				C690C2581DD068E50069DB84 /* NSObject+Log.m in Sources */,
				C65C63F61DCC7A950015E2C8 /* AppDelegate.m in Sources */,
				C65C644E1DCC7FE30015E2C8 /* MASConstraint.m in Sources */,
				C65C64501DCC7FE30015E2C8 /* MASLayoutConstraint.m in Sources */,
				C65C64531DCC7FE30015E2C8 /* NSArray+MASAdditions.m in Sources */,
				C65C64521DCC7FE30015E2C8 /* MASViewConstraint.m in Sources */,
				C65C64511DCC7FE30015E2C8 /* MASViewAttribute.m in Sources */,
				C65C64551DCC7FE30015E2C8 /* View+MASAdditions.m in Sources */,
				C65C64261DCC7DD60015E2C8 /* QuestionCountView.m in Sources */,
				C65C63F31DCC7A950015E2C8 /* main.m in Sources */,
				C65C644D1DCC7FE30015E2C8 /* MASCompositeConstraint.m in Sources */,
				C65C64541DCC7FE30015E2C8 /* NSLayoutConstraint+MASDebugAdditions.m in Sources */,
			);
			runOnlyForDeploymentPostprocessing = 0;
		};
		C65C64031DCC7A950015E2C8 /* Sources */ = {
			isa = PBXSourcesBuildPhase;
			buildActionMask = 2147483647;
			files = (
				C65C640C1DCC7A950015E2C8 /* _____Tests.m in Sources */,
			);
			runOnlyForDeploymentPostprocessing = 0;
		};
		C65C640E1DCC7A950015E2C8 /* Sources */ = {
			isa = PBXSourcesBuildPhase;
			buildActionMask = 2147483647;
			files = (
				C65C64171DCC7A950015E2C8 /* _____UITests.m in Sources */,
			);
			runOnlyForDeploymentPostprocessing = 0;
		};
/* End PBXSourcesBuildPhase section */

/* Begin PBXTargetDependency section */
		C65C64091DCC7A950015E2C8 /* PBXTargetDependency */ = {
			isa = PBXTargetDependency;
			target = C65C63ED1DCC7A950015E2C8 /* 设置答题卡 */;
			targetProxy = C65C64081DCC7A950015E2C8 /* PBXContainerItemProxy */;
		};
		C65C64141DCC7A950015E2C8 /* PBXTargetDependency */ = {
			isa = PBXTargetDependency;
			target = C65C63ED1DCC7A950015E2C8 /* 设置答题卡 */;
			targetProxy = C65C64131DCC7A950015E2C8 /* PBXContainerItemProxy */;
		};
/* End PBXTargetDependency section */

/* Begin PBXVariantGroup section */
		C65C63FA1DCC7A950015E2C8 /* Main.storyboard */ = {
			isa = PBXVariantGroup;
			children = (
				C65C63FB1DCC7A950015E2C8 /* Base */,
			);
			name = Main.storyboard;
			sourceTree = "<group>";
		};
		C65C63FF1DCC7A950015E2C8 /* LaunchScreen.storyboard */ = {
			isa = PBXVariantGroup;
			children = (
				C65C64001DCC7A950015E2C8 /* Base */,
			);
			name = LaunchScreen.storyboard;
			sourceTree = "<group>";
		};
/* End PBXVariantGroup section */

/* Begin XCBuildConfiguration section */
		C65C64191DCC7A950015E2C8 /* Debug */ = {
			isa = XCBuildConfiguration;
			buildSettings = {
				ALWAYS_SEARCH_USER_PATHS = NO;
				CLANG_ANALYZER_NONNULL = YES;
				CLANG_CXX_LANGUAGE_STANDARD = "gnu++0x";
				CLANG_CXX_LIBRARY = "libc++";
				CLANG_ENABLE_MODULES = YES;
				CLANG_ENABLE_OBJC_ARC = YES;
				CLANG_WARN_BOOL_CONVERSION = YES;
				CLANG_WARN_CONSTANT_CONVERSION = YES;
				CLANG_WARN_DIRECT_OBJC_ISA_USAGE = YES_ERROR;
				CLANG_WARN_EMPTY_BODY = YES;
				CLANG_WARN_ENUM_CONVERSION = YES;
				CLANG_WARN_INT_CONVERSION = YES;
				CLANG_WARN_OBJC_ROOT_CLASS = YES_ERROR;
				CLANG_WARN_UNREACHABLE_CODE = YES;
				CLANG_WARN__DUPLICATE_METHOD_MATCH = YES;
				"CODE_SIGN_IDENTITY[sdk=iphoneos*]" = "iPhone Developer";
				COPY_PHASE_STRIP = NO;
				DEBUG_INFORMATION_FORMAT = dwarf;
				ENABLE_STRICT_OBJC_MSGSEND = YES;
				ENABLE_TESTABILITY = YES;
				GCC_C_LANGUAGE_STANDARD = gnu99;
				GCC_DYNAMIC_NO_PIC = NO;
				GCC_NO_COMMON_BLOCKS = YES;
				GCC_OPTIMIZATION_LEVEL = 0;
				GCC_PREPROCESSOR_DEFINITIONS = (
					"DEBUG=1",
					"$(inherited)",
				);
				GCC_WARN_64_TO_32_BIT_CONVERSION = YES;
				GCC_WARN_ABOUT_RETURN_TYPE = YES_ERROR;
				GCC_WARN_UNDECLARED_SELECTOR = YES;
				GCC_WARN_UNINITIALIZED_AUTOS = YES_AGGRESSIVE;
				GCC_WARN_UNUSED_FUNCTION = YES;
				GCC_WARN_UNUSED_VARIABLE = YES;
				IPHONEOS_DEPLOYMENT_TARGET = 9.3;
				MTL_ENABLE_DEBUG_INFO = YES;
				ONLY_ACTIVE_ARCH = YES;
				SDKROOT = iphoneos;
				TARGETED_DEVICE_FAMILY = 2;
			};
			name = Debug;
		};
		C65C641A1DCC7A950015E2C8 /* Release */ = {
			isa = XCBuildConfiguration;
			buildSettings = {
				ALWAYS_SEARCH_USER_PATHS = NO;
				CLANG_ANALYZER_NONNULL = YES;
				CLANG_CXX_LANGUAGE_STANDARD = "gnu++0x";
				CLANG_CXX_LIBRARY = "libc++";
				CLANG_ENABLE_MODULES = YES;
				CLANG_ENABLE_OBJC_ARC = YES;
				CLANG_WARN_BOOL_CONVERSION = YES;
				CLANG_WARN_CONSTANT_CONVERSION = YES;
				CLANG_WARN_DIRECT_OBJC_ISA_USAGE = YES_ERROR;
				CLANG_WARN_EMPTY_BODY = YES;
				CLANG_WARN_ENUM_CONVERSION = YES;
				CLANG_WARN_INT_CONVERSION = YES;
				CLANG_WARN_OBJC_ROOT_CLASS = YES_ERROR;
				CLANG_WARN_UNREACHABLE_CODE = YES;
				CLANG_WARN__DUPLICATE_METHOD_MATCH = YES;
				"CODE_SIGN_IDENTITY[sdk=iphoneos*]" = "iPhone Developer";
				COPY_PHASE_STRIP = NO;
				DEBUG_INFORMATION_FORMAT = "dwarf-with-dsym";
				ENABLE_NS_ASSERTIONS = NO;
				ENABLE_STRICT_OBJC_MSGSEND = YES;
				GCC_C_LANGUAGE_STANDARD = gnu99;
				GCC_NO_COMMON_BLOCKS = YES;
				GCC_WARN_64_TO_32_BIT_CONVERSION = YES;
				GCC_WARN_ABOUT_RETURN_TYPE = YES_ERROR;
				GCC_WARN_UNDECLARED_SELECTOR = YES;
				GCC_WARN_UNINITIALIZED_AUTOS = YES_AGGRESSIVE;
				GCC_WARN_UNUSED_FUNCTION = YES;
				GCC_WARN_UNUSED_VARIABLE = YES;
				IPHONEOS_DEPLOYMENT_TARGET = 9.3;
				MTL_ENABLE_DEBUG_INFO = NO;
				SDKROOT = iphoneos;
				TARGETED_DEVICE_FAMILY = 2;
				VALIDATE_PRODUCT = YES;
			};
			name = Release;
		};
		C65C641C1DCC7A950015E2C8 /* Debug */ = {
			isa = XCBuildConfiguration;
			buildSettings = {
				ASSETCATALOG_COMPILER_APPICON_NAME = AppIcon;
				ASSETCATALOG_COMPILER_LAUNCHIMAGE_NAME = "Brand Assets";
				CODE_SIGN_IDENTITY = "iPhone Developer: zhang shaohua (BFL5BF4Y5W)";
				INFOPLIST_FILE = "设置答题卡/Info.plist";
				IPHONEOS_DEPLOYMENT_TARGET = 6.0;
				LD_RUNPATH_SEARCH_PATHS = "$(inherited) @executable_path/Frameworks";
				PRODUCT_BUNDLE_IDENTIFIER = com.lezhixing.www.123;
				PRODUCT_NAME = "$(TARGET_NAME)";
				TARGETED_DEVICE_FAMILY = 2;
			};
			name = Debug;
		};
		C65C641D1DCC7A950015E2C8 /* Release */ = {
			isa = XCBuildConfiguration;
			buildSettings = {
				ASSETCATALOG_COMPILER_APPICON_NAME = AppIcon;
				ASSETCATALOG_COMPILER_LAUNCHIMAGE_NAME = "Brand Assets";
				CODE_SIGN_IDENTITY = "iPhone Developer: zhang shaohua (BFL5BF4Y5W)";
				INFOPLIST_FILE = "设置答题卡/Info.plist";
				IPHONEOS_DEPLOYMENT_TARGET = 6.0;
				LD_RUNPATH_SEARCH_PATHS = "$(inherited) @executable_path/Frameworks";
				PRODUCT_BUNDLE_IDENTIFIER = com.lezhixing.www.123;
				PRODUCT_NAME = "$(TARGET_NAME)";
				TARGETED_DEVICE_FAMILY = 2;
			};
			name = Release;
		};
		C65C641F1DCC7A950015E2C8 /* Debug */ = {
			isa = XCBuildConfiguration;
			buildSettings = {
				BUNDLE_LOADER = "$(TEST_HOST)";
				INFOPLIST_FILE = "设置答题卡Tests/Info.plist";
				LD_RUNPATH_SEARCH_PATHS = "$(inherited) @executable_path/Frameworks @loader_path/Frameworks";
				PRODUCT_BUNDLE_IDENTIFIER = "com.lezhixing.www.-----Tests";
				PRODUCT_NAME = "$(TARGET_NAME)";
				TEST_HOST = "$(BUILT_PRODUCTS_DIR)/设置答题卡.app/设置答题卡";
			};
			name = Debug;
		};
		C65C64201DCC7A950015E2C8 /* Release */ = {
			isa = XCBuildConfiguration;
			buildSettings = {
				BUNDLE_LOADER = "$(TEST_HOST)";
				INFOPLIST_FILE = "设置答题卡Tests/Info.plist";
				LD_RUNPATH_SEARCH_PATHS = "$(inherited) @executable_path/Frameworks @loader_path/Frameworks";
				PRODUCT_BUNDLE_IDENTIFIER = "com.lezhixing.www.-----Tests";
				PRODUCT_NAME = "$(TARGET_NAME)";
				TEST_HOST = "$(BUILT_PRODUCTS_DIR)/设置答题卡.app/设置答题卡";
			};
			name = Release;
		};
		C65C64221DCC7A950015E2C8 /* Debug */ = {
			isa = XCBuildConfiguration;
			buildSettings = {
				INFOPLIST_FILE = "设置答题卡UITests/Info.plist";
				LD_RUNPATH_SEARCH_PATHS = "$(inherited) @executable_path/Frameworks @loader_path/Frameworks";
				PRODUCT_BUNDLE_IDENTIFIER = "com.lezhixing.www.-----UITests";
				PRODUCT_NAME = "$(TARGET_NAME)";
				TEST_TARGET_NAME = "设置答题卡";
			};
			name = Debug;
		};
		C65C64231DCC7A950015E2C8 /* Release */ = {
			isa = XCBuildConfiguration;
			buildSettings = {
				INFOPLIST_FILE = "设置答题卡UITests/Info.plist";
				LD_RUNPATH_SEARCH_PATHS = "$(inherited) @executable_path/Frameworks @loader_path/Frameworks";
				PRODUCT_BUNDLE_IDENTIFIER = "com.lezhixing.www.-----UITests";
				PRODUCT_NAME = "$(TARGET_NAME)";
				TEST_TARGET_NAME = "设置答题卡";
			};
			name = Release;
		};
/* End XCBuildConfiguration section */

/* Begin XCConfigurationList section */
		C65C63E91DCC7A950015E2C8 /* Build configuration list for PBXProject "设置答题卡" */ = {
			isa = XCConfigurationList;
			buildConfigurations = (
				C65C64191DCC7A950015E2C8 /* Debug */,
				C65C641A1DCC7A950015E2C8 /* Release */,
			);
			defaultConfigurationIsVisible = 0;
			defaultConfigurationName = Release;
		};
		C65C641B1DCC7A950015E2C8 /* Build configuration list for PBXNativeTarget "设置答题卡" */ = {
			isa = XCConfigurationList;
			buildConfigurations = (
				C65C641C1DCC7A950015E2C8 /* Debug */,
				C65C641D1DCC7A950015E2C8 /* Release */,
			);
			defaultConfigurationIsVisible = 0;
			defaultConfigurationName = Release;
		};
		C65C641E1DCC7A950015E2C8 /* Build configuration list for PBXNativeTarget "设置答题卡Tests" */ = {
			isa = XCConfigurationList;
			buildConfigurations = (
				C65C641F1DCC7A950015E2C8 /* Debug */,
				C65C64201DCC7A950015E2C8 /* Release */,
			);
			defaultConfigurationIsVisible = 0;
			defaultConfigurationName = Release;
		};
		C65C64211DCC7A950015E2C8 /* Build configuration list for PBXNativeTarget "设置答题卡UITests" */ = {
			isa = XCConfigurationList;
			buildConfigurations = (
				C65C64221DCC7A950015E2C8 /* Debug */,
				C65C64231DCC7A950015E2C8 /* Release */,
			);
			defaultConfigurationIsVisible = 0;
			defaultConfigurationName = Release;
		};
/* End XCConfigurationList section */
	};
	rootObject = C65C63E61DCC7A950015E2C8 /* Project object */;
}
